{
  "name": "verifiable-authorization-lineage",
  "version": "0.0.0",
  "lockfileVersion": 3,
  "requires": true,
  "packages": {
    "": {
      "name": "verifiable-authorization-lineage",
      "version": "0.0.0",
      "license": "Apache-2.0",
      "workspaces": [
        "packages/*"
      ]
    },
    "node_modules/@esbuild/darwin-arm64": {
      "version": "0.28.0",
      "cpu": [
        "arm64"
      ],
      "dev": true,
      "license": "MIT",
      "optional": true,
      "os": [
        "darwin"
      ],
      "engines": {
        "node": ">=18"
      }
    },
    "node_modules/@types/node": {
      "version": "20.19.41",
      "dev": true,
      "license": "MIT",
      "dependencies": {
        "undici-types": "~6.21.0"
      }
    },
    "node_modules/@val-protocol/anchor-lotl-resolver": {
      "resolved": "packages/anchor-lotl-resolver",
      "link": true
    },
    "node_modules/@val-protocol/chain-verifier": {
      "resolved": "packages/chain-verifier",
      "link": true
    },
    "node_modules/@val-protocol/chain-verifier-cli": {
      "resolved": "packages/chain-verifier-cli",
      "link": true
    },
    "node_modules/@val-protocol/demo": {
      "resolved": "packages/demo",
      "link": true
    },
    "node_modules/@val-protocol/qes-validator": {
      "resolved": "packages/qes-validator",
      "link": true
    },
    "node_modules/@val-protocol/webhook-receiver": {
      "resolved": "packages/webhook-receiver",
      "link": true
    },
    "node_modules/esbuild": {
      "version": "0.28.0",
      "dev": true,
      "hasInstallScript": true,
      "license": "MIT",
      "bin": {
        "esbuild": "bin/esbuild"
      },
      "engines": {
        "node": ">=18"
      },
      "optionalDependencies": {
        "@esbuild/aix-ppc64": "0.28.0",
        "@esbuild/android-arm": "0.28.0",
        "@esbuild/android-arm64": "0.28.0",
        "@esbuild/android-x64": "0.28.0",
        "@esbuild/darwin-arm64": "0.28.0",
        "@esbuild/darwin-x64": "0.28.0",
        "@esbuild/freebsd-arm64": "0.28.0",
        "@esbuild/freebsd-x64": "0.28.0",
        "@esbuild/linux-arm": "0.28.0",
        "@esbuild/linux-arm64": "0.28.0",
        "@esbuild/linux-ia32": "0.28.0",
        "@esbuild/linux-loong64": "0.28.0",
        "@esbuild/linux-mips64el": "0.28.0",
        "@esbuild/linux-ppc64": "0.28.0",
        "@esbuild/linux-riscv64": "0.28.0",
        "@esbuild/linux-s390x": "0.28.0",
        "@esbuild/linux-x64": "0.28.0",
        "@esbuild/netbsd-arm64": "0.28.0",
        "@esbuild/netbsd-x64": "0.28.0",
        "@esbuild/openbsd-arm64": "0.28.0",
        "@esbuild/openbsd-x64": "0.28.0",
        "@esbuild/openharmony-arm64": "0.28.0",
        "@esbuild/sunos-x64": "0.28.0",
        "@esbuild/win32-arm64": "0.28.0",
        "@esbuild/win32-ia32": "0.28.0",
        "@esbuild/win32-x64": "0.28.0"
      }
    },
    "node_modules/fsevents": {
      "version": "2.3.3",
      "dev": true,
      "license": "MIT",
      "optional": true,
      "os": [
        "darwin"
      ],
      "engines": {
        "node": "^8.16.0 || ^10.6.0 || >=11.0.0"
      }
    },
    "node_modules/tsx": {
      "version": "4.22.4",
      "dev": true,
      "license": "MIT",
      "dependencies": {
        "esbuild": "~0.28.0"
      },
      "bin": {
        "tsx": "dist/cli.mjs"
      },
      "engines": {
        "node": ">=18.0.0"
      },
      "optionalDependencies": {
        "fsevents": "~2.3.3"
      }
    },
    "node_modules/typescript": {
      "version": "5.9.3",
      "dev": true,
      "license": "Apache-2.0",
      "bin": {
        "tsc": "bin/tsc",
        "tsserver": "bin/tsserver"
      },
      "engines": {
        "node": ">=14.17"
      }
    },
    "node_modules/undici-types": {
      "version": "6.21.0",
      "dev": true,
      "license": "MIT"
    },
    "packages/anchor-lotl-resolver": {
      "name": "@val-protocol/anchor-lotl-resolver",
      "version": "0.1.0",
      "license": "Apache-2.0",
      "engines": {
        "node": ">=18"
      }
    },
    "packages/chain-verifier": {
      "name": "@val-protocol/chain-verifier",
      "version": "0.11.2",
      "license": "Apache-2.0",
      "devDependencies": {
        "typescript": "^5.0.0"
      },
      "engines": {
        "node": ">=18"
      }
    },
    "packages/chain-verifier-cli": {
      "name": "@val-protocol/chain-verifier-cli",
      "version": "0.5.1",
      "license": "Apache-2.0",
      "dependencies": {
        "@val-protocol/chain-verifier": "^0.11.1"
      },
      "bin": {
        "val-verify": "dist/cli.js"
      },
      "devDependencies": {
        "@types/node": "^20.0.0",
        "typescript": "^5.0.0"
      },
      "engines": {
        "node": ">=18"
      }
    },
    "packages/demo": {
      "name": "@val-protocol/demo",
      "version": "0.1.1",
      "license": "Apache-2.0",
      "dependencies": {
        "@val-protocol/chain-verifier": "^0.11.1",
        "@val-protocol/chain-verifier-cli": "^0.5.0"
      },
      "bin": {
        "val-demo": "dist/demo.js"
      },
      "devDependencies": {
        "@types/node": "^20.0.0",
        "typescript": "^5.0.0"
      },
      "engines": {
        "node": ">=18"
      }
    },
    "packages/qes-validator": {
      "name": "@val-protocol/qes-validator",
      "version": "0.1.1",
      "license": "Apache-2.0",
      "devDependencies": {
        "typescript": "^5.0.0"
      },
      "engines": {
        "node": ">=18"
      }
    },
    "packages/webhook-receiver": {
      "name": "@val-protocol/webhook-receiver",
      "version": "0.1.0",
      "license": "Apache-2.0",
      "bin": {
        "val-webhook-receiver": "bin/val-webhook-receiver.cjs"
      },
      "devDependencies": {
        "@types/node": "^20",
        "tsx": "^4",
        "typescript": "^5"
      },
      "engines": {
        "node": ">=18"
      }
    }
  }
}
